
Microsoft Visual Studio Solution File, Format Version 12.00
# Visual Studio 14
VisualStudioVersion = 14.0.24720.0
MinimumVisualStudioVersion = 10.0.40219.1
Project("{FAE04EC0-301F-11D3-BF4B-00C04F79EFBC}") = "MergeSorting", "MergeSorting\MergeSorting.csproj", "{A5B6A2E8-9ECE-4450-A044-A89F7CF974EB}"
EndProject
Project("{FAE04EC0-301F-11D3-BF4B-00C04F79EFBC}") = "MergeSorting.UnitTests", "MergeSorting.NUnitTests\MergeSorting.UnitTests.csproj", "{6323784C-BCF6-40FA-AFD8-75E11876AABF}"
EndProject
Project("{FAE04EC0-301F-11D3-BF4B-00C04F79EFBC}") = "CustomQueue", "CustomQueue\CustomQueue.csproj", "{54AD8203-5DE2-499A-BA34-02AE40C3A440}"
EndProject
Project("{FAE04EC0-301F-11D3-BF4B-00C04F79EFBC}") = "CustomQueueTest", "CustomQueueTest\CustomQueueTest.csproj", "{CF964B7F-099C-40AB-B4EB-BB3333516F8B}"
EndProject
Project("{FAE04EC0-301F-11D3-BF4B-00C04F79EFBC}") = "MergeSortingNUnitTests", "MergeSortingNUnitTests\MergeSortingNUnitTests.csproj", "{7058510F-2737-4DC5-A1A6-695591B51D4B}"
EndProject
Project("{FAE04EC0-301F-11D3-BF4B-00C04F79EFBC}") = "CustomQueue.NUnitTests", "CustomQueue.NUnitTests\CustomQueue.NUnitTests.csproj", "{E644B034-714A-4763-BA67-24741329C2A3}"
EndProject
Global
	GlobalSection(SolutionConfigurationPlatforms) = preSolution
		Debug|Any CPU = Debug|Any CPU
		Release|Any CPU = Release|Any CPU
	EndGlobalSection
	GlobalSection(ProjectConfigurationPlatforms) = postSolution
		{A5B6A2E8-9ECE-4450-A044-A89F7CF974EB}.Debug|Any CPU.ActiveCfg = Debug|Any CPU
		{A5B6A2E8-9ECE-4450-A044-A89F7CF974EB}.Debug|Any CPU.Build.0 = Debug|Any CPU
		{A5B6A2E8-9ECE-4450-A044-A89F7CF974EB}.Release|Any CPU.ActiveCfg = Release|Any CPU
		{A5B6A2E8-9ECE-4450-A044-A89F7CF974EB}.Release|Any CPU.Build.0 = Release|Any CPU
		{6323784C-BCF6-40FA-AFD8-75E11876AABF}.Debug|Any CPU.ActiveCfg = Debug|Any CPU
		{6323784C-BCF6-40FA-AFD8-75E11876AABF}.Debug|Any CPU.Build.0 = Debug|Any CPU
		{6323784C-BCF6-40FA-AFD8-75E11876AABF}.Release|Any CPU.ActiveCfg = Release|Any CPU
		{6323784C-BCF6-40FA-AFD8-75E11876AABF}.Release|Any CPU.Build.0 = Release|Any CPU
		{54AD8203-5DE2-499A-BA34-02AE40C3A440}.Debug|Any CPU.ActiveCfg = Debug|Any CPU
		{54AD8203-5DE2-499A-BA34-02AE40C3A440}.Debug|Any CPU.Build.0 = Debug|Any CPU
		{54AD8203-5DE2-499A-BA34-02AE40C3A440}.Release|Any CPU.ActiveCfg = Release|Any CPU
		{54AD8203-5DE2-499A-BA34-02AE40C3A440}.Release|Any CPU.Build.0 = Release|Any CPU
		{CF964B7F-099C-40AB-B4EB-BB3333516F8B}.Debug|Any CPU.ActiveCfg = Debug|Any CPU
		{CF964B7F-099C-40AB-B4EB-BB3333516F8B}.Debug|Any CPU.Build.0 = Debug|Any CPU
		{CF964B7F-099C-40AB-B4EB-BB3333516F8B}.Release|Any CPU.ActiveCfg = Release|Any CPU
		{CF964B7F-099C-40AB-B4EB-BB3333516F8B}.Release|Any CPU.Build.0 = Release|Any CPU
		{7058510F-2737-4DC5-A1A6-695591B51D4B}.Debug|Any CPU.ActiveCfg = Debug|Any CPU
		{7058510F-2737-4DC5-A1A6-695591B51D4B}.Debug|Any CPU.Build.0 = Debug|Any CPU
		{7058510F-2737-4DC5-A1A6-695591B51D4B}.Release|Any CPU.ActiveCfg = Release|Any CPU
		{7058510F-2737-4DC5-A1A6-695591B51D4B}.Release|Any CPU.Build.0 = Release|Any CPU
		{E644B034-714A-4763-BA67-24741329C2A3}.Debug|Any CPU.ActiveCfg = Debug|Any CPU
		{E644B034-714A-4763-BA67-24741329C2A3}.Debug|Any CPU.Build.0 = Debug|Any CPU
		{E644B034-714A-4763-BA67-24741329C2A3}.Release|Any CPU.ActiveCfg = Release|Any CPU
		{E644B034-714A-4763-BA67-24741329C2A3}.Release|Any CPU.Build.0 = Release|Any CPU
	EndGlobalSection
	GlobalSection(SolutionProperties) = preSolution
		HideSolutionNode = FALSE
	EndGlobalSection
EndGlobal
